
Microsoft Visual Studio Solution File, Format Version 12.00
# Visual Studio Version 16
VisualStudioVersion = 16.0.30611.23
MinimumVisualStudioVersion = 10.0.40219.1
Project("{FAE04EC0-301F-11D3-BF4B-00C04F79EFBC}") = "LatinDict2", "LatinDict2.csproj", "{E6898A08-9284-49E4-ABD7-45FF2DD66592}"
EndProject
Global
	GlobalSection(SolutionConfigurationPlatforms) = preSolution
		Debug|Any CPU = Debug|Any CPU
		Release|Any CPU = Release|Any CPU
	EndGlobalSection
	GlobalSection(ProjectConfigurationPlatforms) = postSolution
		{E6898A08-9284-49E4-ABD7-45FF2DD66592}.Debug|Any CPU.ActiveCfg = Debug|Any CPU
		{E6898A08-9284-49E4-ABD7-45FF2DD66592}.Debug|Any CPU.Build.0 = Debug|Any CPU
		{E6898A08-9284-49E4-ABD7-45FF2DD66592}.Release|Any CPU.ActiveCfg = Release|Any CPU
		{E6898A08-9284-49E4-ABD7-45FF2DD66592}.Release|Any CPU.Build.0 = Release|Any CPU
	EndGlobalSection
	GlobalSection(SolutionProperties) = preSolution
		HideSolutionNode = FALSE
	EndGlobalSection
	GlobalSection(ExtensibilityGlobals) = postSolution
		SolutionGuid = {539965BF-E5DD-47BC-93D6-2942CAA749C3}
	EndGlobalSection
EndGlobal
