
Microsoft Visual Studio Solution File, Format Version 12.00
# Visual Studio Version 17
VisualStudioVersion = 17.7.34221.43
MinimumVisualStudioVersion = 10.0.40219.1
Project("{FAE04EC0-301F-11D3-BF4B-00C04F79EFBC}") = "mju23h_dtp_genrep_FAS3", "mju23h_dtp_genrep_FAS3.csproj", "{FA3C79B0-1C60-4C3A-A67E-2DECF20861E3}"
EndProject
Global
	GlobalSection(SolutionConfigurationPlatforms) = preSolution
		Debug|Any CPU = Debug|Any CPU
		Release|Any CPU = Release|Any CPU
	EndGlobalSection
	GlobalSection(ProjectConfigurationPlatforms) = postSolution
		{FA3C79B0-1C60-4C3A-A67E-2DECF20861E3}.Debug|Any CPU.ActiveCfg = Debug|Any CPU
		{FA3C79B0-1C60-4C3A-A67E-2DECF20861E3}.Debug|Any CPU.Build.0 = Debug|Any CPU
		{FA3C79B0-1C60-4C3A-A67E-2DECF20861E3}.Release|Any CPU.ActiveCfg = Release|Any CPU
		{FA3C79B0-1C60-4C3A-A67E-2DECF20861E3}.Release|Any CPU.Build.0 = Release|Any CPU
	EndGlobalSection
	GlobalSection(SolutionProperties) = preSolution
		HideSolutionNode = FALSE
	EndGlobalSection
	GlobalSection(ExtensibilityGlobals) = postSolution
		SolutionGuid = {D177B0A1-6A18-4267-947D-5D028178D4CF}
	EndGlobalSection
EndGlobal
