
Microsoft Visual Studio Solution File, Format Version 12.00
# Visual Studio Version 17
VisualStudioVersion = 17.4.33213.308
MinimumVisualStudioVersion = 10.0.40219.1
Project("{FAE04EC0-301F-11D3-BF4B-00C04F79EFBC}") = "BuggyArrayRotate", "BuggyArrayRotate.csproj", "{A39BD6EB-9FE7-4BFD-A09C-BD84D5730E53}"
EndProject
Global
	GlobalSection(SolutionConfigurationPlatforms) = preSolution
		Debug|Any CPU = Debug|Any CPU
		Release|Any CPU = Release|Any CPU
	EndGlobalSection
	GlobalSection(ProjectConfigurationPlatforms) = postSolution
		{A39BD6EB-9FE7-4BFD-A09C-BD84D5730E53}.Debug|Any CPU.ActiveCfg = Debug|Any CPU
		{A39BD6EB-9FE7-4BFD-A09C-BD84D5730E53}.Debug|Any CPU.Build.0 = Debug|Any CPU
		{A39BD6EB-9FE7-4BFD-A09C-BD84D5730E53}.Release|Any CPU.ActiveCfg = Release|Any CPU
		{A39BD6EB-9FE7-4BFD-A09C-BD84D5730E53}.Release|Any CPU.Build.0 = Release|Any CPU
	EndGlobalSection
	GlobalSection(SolutionProperties) = preSolution
		HideSolutionNode = FALSE
	EndGlobalSection
	GlobalSection(ExtensibilityGlobals) = postSolution
		SolutionGuid = {9E402B92-EFAB-4244-BB5C-4EA85BB6C546}
	EndGlobalSection
EndGlobal
