
Microsoft Visual Studio Solution File, Format Version 12.00
# Visual Studio Version 17
VisualStudioVersion = 17.7.34221.43
MinimumVisualStudioVersion = 10.0.40219.1
Project("{FAE04EC0-301F-11D3-BF4B-00C04F79EFBC}") = "mju23h_dtp_genrep_FAS4", "mju23h_dtp_genrep_FAS4.csproj", "{77435E24-F8DF-4016-8813-549D72735C31}"
EndProject
Global
	GlobalSection(SolutionConfigurationPlatforms) = preSolution
		Debug|Any CPU = Debug|Any CPU
		Release|Any CPU = Release|Any CPU
	EndGlobalSection
	GlobalSection(ProjectConfigurationPlatforms) = postSolution
		{77435E24-F8DF-4016-8813-549D72735C31}.Debug|Any CPU.ActiveCfg = Debug|Any CPU
		{77435E24-F8DF-4016-8813-549D72735C31}.Debug|Any CPU.Build.0 = Debug|Any CPU
		{77435E24-F8DF-4016-8813-549D72735C31}.Release|Any CPU.ActiveCfg = Release|Any CPU
		{77435E24-F8DF-4016-8813-549D72735C31}.Release|Any CPU.Build.0 = Release|Any CPU
	EndGlobalSection
	GlobalSection(SolutionProperties) = preSolution
		HideSolutionNode = FALSE
	EndGlobalSection
	GlobalSection(ExtensibilityGlobals) = postSolution
		SolutionGuid = {C54AB23D-F477-4E92-AFD5-CEBB046083DE}
	EndGlobalSection
EndGlobal
