
Microsoft Visual Studio Solution File, Format Version 12.00
# Visual Studio Version 17
VisualStudioVersion = 17.4.33103.184
MinimumVisualStudioVersion = 10.0.40219.1
Project("{FAE04EC0-301F-11D3-BF4B-00C04F79EFBC}") = "dtp13_addresslist_console", "dtp13_addresslist_console.csproj", "{C122C80A-1E6E-4626-9530-6064129E3634}"
EndProject
Global
	GlobalSection(SolutionConfigurationPlatforms) = preSolution
		Debug|Any CPU = Debug|Any CPU
		Release|Any CPU = Release|Any CPU
	EndGlobalSection
	GlobalSection(ProjectConfigurationPlatforms) = postSolution
		{C122C80A-1E6E-4626-9530-6064129E3634}.Debug|Any CPU.ActiveCfg = Debug|Any CPU
		{C122C80A-1E6E-4626-9530-6064129E3634}.Debug|Any CPU.Build.0 = Debug|Any CPU
		{C122C80A-1E6E-4626-9530-6064129E3634}.Release|Any CPU.ActiveCfg = Release|Any CPU
		{C122C80A-1E6E-4626-9530-6064129E3634}.Release|Any CPU.Build.0 = Release|Any CPU
	EndGlobalSection
	GlobalSection(SolutionProperties) = preSolution
		HideSolutionNode = FALSE
	EndGlobalSection
	GlobalSection(ExtensibilityGlobals) = postSolution
		SolutionGuid = {C5E083B4-2F62-4E66-B73F-2067C5DEB581}
	EndGlobalSection
EndGlobal
