
Microsoft Visual Studio Solution File, Format Version 12.00
# Visual Studio Version 16
VisualStudioVersion = 16.0.31829.152
MinimumVisualStudioVersion = 10.0.40219.1
Project("{FAE04EC0-301F-11D3-BF4B-00C04F79EFBC}") = "Uppgift_1", "Uppgift_1.csproj", "{EA93AB65-93DA-4650-BC31-21D737AAD60A}"
EndProject
Global
	GlobalSection(SolutionConfigurationPlatforms) = preSolution
		Debug|Any CPU = Debug|Any CPU
		Release|Any CPU = Release|Any CPU
	EndGlobalSection
	GlobalSection(ProjectConfigurationPlatforms) = postSolution
		{EA93AB65-93DA-4650-BC31-21D737AAD60A}.Debug|Any CPU.ActiveCfg = Debug|Any CPU
		{EA93AB65-93DA-4650-BC31-21D737AAD60A}.Debug|Any CPU.Build.0 = Debug|Any CPU
		{EA93AB65-93DA-4650-BC31-21D737AAD60A}.Release|Any CPU.ActiveCfg = Release|Any CPU
		{EA93AB65-93DA-4650-BC31-21D737AAD60A}.Release|Any CPU.Build.0 = Release|Any CPU
	EndGlobalSection
	GlobalSection(SolutionProperties) = preSolution
		HideSolutionNode = FALSE
	EndGlobalSection
	GlobalSection(ExtensibilityGlobals) = postSolution
		SolutionGuid = {646133EA-4F6F-45FC-A0FE-EBFA09BFEF83}
	EndGlobalSection
EndGlobal
