
Microsoft Visual Studio Solution File, Format Version 12.00
# Visual Studio Version 16
VisualStudioVersion = 16.0.30611.23
MinimumVisualStudioVersion = 10.0.40219.1
Project("{FAE04EC0-301F-11D3-BF4B-00C04F79EFBC}") = "XArr3", "XArr3.csproj", "{98C0C8D8-A53D-4591-BDC0-058F4E6ECAAC}"
EndProject
Global
	GlobalSection(SolutionConfigurationPlatforms) = preSolution
		Debug|Any CPU = Debug|Any CPU
		Release|Any CPU = Release|Any CPU
	EndGlobalSection
	GlobalSection(ProjectConfigurationPlatforms) = postSolution
		{98C0C8D8-A53D-4591-BDC0-058F4E6ECAAC}.Debug|Any CPU.ActiveCfg = Debug|Any CPU
		{98C0C8D8-A53D-4591-BDC0-058F4E6ECAAC}.Debug|Any CPU.Build.0 = Debug|Any CPU
		{98C0C8D8-A53D-4591-BDC0-058F4E6ECAAC}.Release|Any CPU.ActiveCfg = Release|Any CPU
		{98C0C8D8-A53D-4591-BDC0-058F4E6ECAAC}.Release|Any CPU.Build.0 = Release|Any CPU
	EndGlobalSection
	GlobalSection(SolutionProperties) = preSolution
		HideSolutionNode = FALSE
	EndGlobalSection
	GlobalSection(ExtensibilityGlobals) = postSolution
		SolutionGuid = {FF5E89CD-FE5E-4683-8F6B-D91A459F7377}
	EndGlobalSection
EndGlobal
