
Microsoft Visual Studio Solution File, Format Version 12.00
# Visual Studio Version 16
VisualStudioVersion = 16.0.30611.23
MinimumVisualStudioVersion = 10.0.40219.1
Project("{FAE04EC0-301F-11D3-BF4B-00C04F79EFBC}") = "ShopNoteDeLuxe", "ShopNoteDeLuxe.csproj", "{F24E12B3-31F7-4B2C-A064-A5CBC0435ACA}"
EndProject
Global
	GlobalSection(SolutionConfigurationPlatforms) = preSolution
		Debug|Any CPU = Debug|Any CPU
		Release|Any CPU = Release|Any CPU
	EndGlobalSection
	GlobalSection(ProjectConfigurationPlatforms) = postSolution
		{F24E12B3-31F7-4B2C-A064-A5CBC0435ACA}.Debug|Any CPU.ActiveCfg = Debug|Any CPU
		{F24E12B3-31F7-4B2C-A064-A5CBC0435ACA}.Debug|Any CPU.Build.0 = Debug|Any CPU
		{F24E12B3-31F7-4B2C-A064-A5CBC0435ACA}.Release|Any CPU.ActiveCfg = Release|Any CPU
		{F24E12B3-31F7-4B2C-A064-A5CBC0435ACA}.Release|Any CPU.Build.0 = Release|Any CPU
	EndGlobalSection
	GlobalSection(SolutionProperties) = preSolution
		HideSolutionNode = FALSE
	EndGlobalSection
	GlobalSection(ExtensibilityGlobals) = postSolution
		SolutionGuid = {FF7CD4DE-723F-4C03-9BB0-45882E5C0050}
	EndGlobalSection
EndGlobal
