
Microsoft Visual Studio Solution File, Format Version 12.00
# Visual Studio Version 16
VisualStudioVersion = 16.0.31911.196
MinimumVisualStudioVersion = 10.0.40219.1
Project("{FAE04EC0-301F-11D3-BF4B-00C04F79EFBC}") = "StarMap_1", "StarMap_1.csproj", "{2654E074-E3CD-494F-900F-9B1513169700}"
EndProject
Global
	GlobalSection(SolutionConfigurationPlatforms) = preSolution
		Debug|Any CPU = Debug|Any CPU
		Release|Any CPU = Release|Any CPU
	EndGlobalSection
	GlobalSection(ProjectConfigurationPlatforms) = postSolution
		{2654E074-E3CD-494F-900F-9B1513169700}.Debug|Any CPU.ActiveCfg = Debug|Any CPU
		{2654E074-E3CD-494F-900F-9B1513169700}.Debug|Any CPU.Build.0 = Debug|Any CPU
		{2654E074-E3CD-494F-900F-9B1513169700}.Release|Any CPU.ActiveCfg = Release|Any CPU
		{2654E074-E3CD-494F-900F-9B1513169700}.Release|Any CPU.Build.0 = Release|Any CPU
	EndGlobalSection
	GlobalSection(SolutionProperties) = preSolution
		HideSolutionNode = FALSE
	EndGlobalSection
	GlobalSection(ExtensibilityGlobals) = postSolution
		SolutionGuid = {05C840CA-3FD2-47C4-975B-35C7717F2B9C}
	EndGlobalSection
EndGlobal
