
Microsoft Visual Studio Solution File, Format Version 12.00
# Visual Studio Version 16
VisualStudioVersion = 16.0.30523.141
MinimumVisualStudioVersion = 10.0.40219.1
Project("{FAE04EC0-301F-11D3-BF4B-00C04F79EFBC}") = "TidigasteOvningarna", "TidigasteOvningarna.csproj", "{7E85016D-25E1-4149-8F46-1B2D122EC1F6}"
EndProject
Global
	GlobalSection(SolutionConfigurationPlatforms) = preSolution
		Debug|Any CPU = Debug|Any CPU
		Release|Any CPU = Release|Any CPU
	EndGlobalSection
	GlobalSection(ProjectConfigurationPlatforms) = postSolution
		{7E85016D-25E1-4149-8F46-1B2D122EC1F6}.Debug|Any CPU.ActiveCfg = Debug|Any CPU
		{7E85016D-25E1-4149-8F46-1B2D122EC1F6}.Debug|Any CPU.Build.0 = Debug|Any CPU
		{7E85016D-25E1-4149-8F46-1B2D122EC1F6}.Release|Any CPU.ActiveCfg = Release|Any CPU
		{7E85016D-25E1-4149-8F46-1B2D122EC1F6}.Release|Any CPU.Build.0 = Release|Any CPU
	EndGlobalSection
	GlobalSection(SolutionProperties) = preSolution
		HideSolutionNode = FALSE
	EndGlobalSection
	GlobalSection(ExtensibilityGlobals) = postSolution
		SolutionGuid = {E69C1727-3DD3-4819-9064-5228B547B290}
	EndGlobalSection
EndGlobal
