
Microsoft Visual Studio Solution File, Format Version 12.00
# Visual Studio Version 16
VisualStudioVersion = 16.0.31829.152
MinimumVisualStudioVersion = 10.0.40219.1
Project("{FAE04EC0-301F-11D3-BF4B-00C04F79EFBC}") = "Sorting_1", "Sorting_1.csproj", "{A2742217-55E0-47E0-B157-FC7EB2252B7E}"
EndProject
Global
	GlobalSection(SolutionConfigurationPlatforms) = preSolution
		Debug|Any CPU = Debug|Any CPU
		Release|Any CPU = Release|Any CPU
	EndGlobalSection
	GlobalSection(ProjectConfigurationPlatforms) = postSolution
		{A2742217-55E0-47E0-B157-FC7EB2252B7E}.Debug|Any CPU.ActiveCfg = Debug|Any CPU
		{A2742217-55E0-47E0-B157-FC7EB2252B7E}.Debug|Any CPU.Build.0 = Debug|Any CPU
		{A2742217-55E0-47E0-B157-FC7EB2252B7E}.Release|Any CPU.ActiveCfg = Release|Any CPU
		{A2742217-55E0-47E0-B157-FC7EB2252B7E}.Release|Any CPU.Build.0 = Release|Any CPU
	EndGlobalSection
	GlobalSection(SolutionProperties) = preSolution
		HideSolutionNode = FALSE
	EndGlobalSection
	GlobalSection(ExtensibilityGlobals) = postSolution
		SolutionGuid = {69EDD6E2-DE7F-4CA8-82E3-C51D30A6399F}
	EndGlobalSection
EndGlobal
