
Microsoft Visual Studio Solution File, Format Version 12.00
# Visual Studio Version 16
VisualStudioVersion = 16.0.30523.141
MinimumVisualStudioVersion = 10.0.40219.1
Project("{FAE04EC0-301F-11D3-BF4B-00C04F79EFBC}") = "Ovn3_1_to_9", "Ovn3_1_to_9.csproj", "{28372BA9-389A-494B-B399-05C371E8E9EF}"
EndProject
Global
	GlobalSection(SolutionConfigurationPlatforms) = preSolution
		Debug|Any CPU = Debug|Any CPU
		Release|Any CPU = Release|Any CPU
	EndGlobalSection
	GlobalSection(ProjectConfigurationPlatforms) = postSolution
		{28372BA9-389A-494B-B399-05C371E8E9EF}.Debug|Any CPU.ActiveCfg = Debug|Any CPU
		{28372BA9-389A-494B-B399-05C371E8E9EF}.Debug|Any CPU.Build.0 = Debug|Any CPU
		{28372BA9-389A-494B-B399-05C371E8E9EF}.Release|Any CPU.ActiveCfg = Release|Any CPU
		{28372BA9-389A-494B-B399-05C371E8E9EF}.Release|Any CPU.Build.0 = Release|Any CPU
	EndGlobalSection
	GlobalSection(SolutionProperties) = preSolution
		HideSolutionNode = FALSE
	EndGlobalSection
	GlobalSection(ExtensibilityGlobals) = postSolution
		SolutionGuid = {5458625E-025B-46DB-8433-29B9346B4753}
	EndGlobalSection
EndGlobal
