
Microsoft Visual Studio Solution File, Format Version 12.00
# Visual Studio Version 17
VisualStudioVersion = 17.8.34322.80
MinimumVisualStudioVersion = 10.0.40219.1
Project("{FAE04EC0-301F-11D3-BF4B-00C04F79EFBC}") = "GitIt", "GitIt.csproj", "{5F94B4D8-671D-43D5-BF88-4A3F0299934E}"
EndProject
Global
	GlobalSection(SolutionConfigurationPlatforms) = preSolution
		Debug|Any CPU = Debug|Any CPU
		Release|Any CPU = Release|Any CPU
	EndGlobalSection
	GlobalSection(ProjectConfigurationPlatforms) = postSolution
		{5F94B4D8-671D-43D5-BF88-4A3F0299934E}.Debug|Any CPU.ActiveCfg = Debug|Any CPU
		{5F94B4D8-671D-43D5-BF88-4A3F0299934E}.Debug|Any CPU.Build.0 = Debug|Any CPU
		{5F94B4D8-671D-43D5-BF88-4A3F0299934E}.Release|Any CPU.ActiveCfg = Release|Any CPU
		{5F94B4D8-671D-43D5-BF88-4A3F0299934E}.Release|Any CPU.Build.0 = Release|Any CPU
	EndGlobalSection
	GlobalSection(SolutionProperties) = preSolution
		HideSolutionNode = FALSE
	EndGlobalSection
	GlobalSection(ExtensibilityGlobals) = postSolution
		SolutionGuid = {8D805AA6-CC57-4F5C-8420-647AF0CD4FB0}
	EndGlobalSection
EndGlobal
