
Microsoft Visual Studio Solution File, Format Version 12.00
# Visual Studio Version 16
VisualStudioVersion = 16.0.30611.23
MinimumVisualStudioVersion = 10.0.40219.1
Project("{FAE04EC0-301F-11D3-BF4B-00C04F79EFBC}") = "LatinDict", "LatinDict.csproj", "{F59D962E-6270-40F0-90C8-0994EC672F2A}"
EndProject
Global
	GlobalSection(SolutionConfigurationPlatforms) = preSolution
		Debug|Any CPU = Debug|Any CPU
		Release|Any CPU = Release|Any CPU
	EndGlobalSection
	GlobalSection(ProjectConfigurationPlatforms) = postSolution
		{F59D962E-6270-40F0-90C8-0994EC672F2A}.Debug|Any CPU.ActiveCfg = Debug|Any CPU
		{F59D962E-6270-40F0-90C8-0994EC672F2A}.Debug|Any CPU.Build.0 = Debug|Any CPU
		{F59D962E-6270-40F0-90C8-0994EC672F2A}.Release|Any CPU.ActiveCfg = Release|Any CPU
		{F59D962E-6270-40F0-90C8-0994EC672F2A}.Release|Any CPU.Build.0 = Release|Any CPU
	EndGlobalSection
	GlobalSection(SolutionProperties) = preSolution
		HideSolutionNode = FALSE
	EndGlobalSection
	GlobalSection(ExtensibilityGlobals) = postSolution
		SolutionGuid = {991ED2CD-9F2E-4771-830E-2F24AB50B397}
	EndGlobalSection
EndGlobal
