
Microsoft Visual Studio Solution File, Format Version 12.00
# Visual Studio Version 16
VisualStudioVersion = 16.0.30523.141
MinimumVisualStudioVersion = 10.0.40219.1
Project("{FAE04EC0-301F-11D3-BF4B-00C04F79EFBC}") = "Ovn2_4", "Ovn2_4.csproj", "{33A17A9C-27AB-45CF-9C00-5E77ACB21352}"
EndProject
Global
	GlobalSection(SolutionConfigurationPlatforms) = preSolution
		Debug|Any CPU = Debug|Any CPU
		Release|Any CPU = Release|Any CPU
	EndGlobalSection
	GlobalSection(ProjectConfigurationPlatforms) = postSolution
		{33A17A9C-27AB-45CF-9C00-5E77ACB21352}.Debug|Any CPU.ActiveCfg = Debug|Any CPU
		{33A17A9C-27AB-45CF-9C00-5E77ACB21352}.Debug|Any CPU.Build.0 = Debug|Any CPU
		{33A17A9C-27AB-45CF-9C00-5E77ACB21352}.Release|Any CPU.ActiveCfg = Release|Any CPU
		{33A17A9C-27AB-45CF-9C00-5E77ACB21352}.Release|Any CPU.Build.0 = Release|Any CPU
	EndGlobalSection
	GlobalSection(SolutionProperties) = preSolution
		HideSolutionNode = FALSE
	EndGlobalSection
	GlobalSection(ExtensibilityGlobals) = postSolution
		SolutionGuid = {C4D7F25A-9D9A-4A0C-8A19-7CFC4E3D17A7}
	EndGlobalSection
EndGlobal
